
Microsoft Visual Studio Solution File, Format Version 12.00
# Visual Studio Version 17
VisualStudioVersion = 17.0.31903.59
MinimumVisualStudioVersion = 10.0.40219.1
Project("{FAE04EC0-301F-11D3-BF4B-00C04F79EFBC}") = "JwtStore.Api", "JwtStore.Api\JwtStore.Api.csproj", "{699BC827-A1D1-4F0E-9278-1B3164F938C6}"
EndProject
Project("{FAE04EC0-301F-11D3-BF4B-00C04F79EFBC}") = "JwtStore.Core", "JwtStore.Core\JwtStore.Core.csproj", "{A266F391-B551-4E34-A3A5-36488DEE8755}"
EndProject
Project("{FAE04EC0-301F-11D3-BF4B-00C04F79EFBC}") = "JwtStore.Infra", "JwtStore.Infra\JwtStore.Infra.csproj", "{BF4716F8-99A7-43F0-90A0-6E6CF2876B5F}"
EndProject
Global
	GlobalSection(SolutionConfigurationPlatforms) = preSolution
		Debug|Any CPU = Debug|Any CPU
		Release|Any CPU = Release|Any CPU
	EndGlobalSection
	GlobalSection(SolutionProperties) = preSolution
		HideSolutionNode = FALSE
	EndGlobalSection
	GlobalSection(ProjectConfigurationPlatforms) = postSolution
		{699BC827-A1D1-4F0E-9278-1B3164F938C6}.Debug|Any CPU.ActiveCfg = Debug|Any CPU
		{699BC827-A1D1-4F0E-9278-1B3164F938C6}.Debug|Any CPU.Build.0 = Debug|Any CPU
		{699BC827-A1D1-4F0E-9278-1B3164F938C6}.Release|Any CPU.ActiveCfg = Release|Any CPU
		{699BC827-A1D1-4F0E-9278-1B3164F938C6}.Release|Any CPU.Build.0 = Release|Any CPU
		{A266F391-B551-4E34-A3A5-36488DEE8755}.Debug|Any CPU.ActiveCfg = Debug|Any CPU
		{A266F391-B551-4E34-A3A5-36488DEE8755}.Debug|Any CPU.Build.0 = Debug|Any CPU
		{A266F391-B551-4E34-A3A5-36488DEE8755}.Release|Any CPU.ActiveCfg = Release|Any CPU
		{A266F391-B551-4E34-A3A5-36488DEE8755}.Release|Any CPU.Build.0 = Release|Any CPU
		{BF4716F8-99A7-43F0-90A0-6E6CF2876B5F}.Debug|Any CPU.ActiveCfg = Debug|Any CPU
		{BF4716F8-99A7-43F0-90A0-6E6CF2876B5F}.Debug|Any CPU.Build.0 = Debug|Any CPU
		{BF4716F8-99A7-43F0-90A0-6E6CF2876B5F}.Release|Any CPU.ActiveCfg = Release|Any CPU
		{BF4716F8-99A7-43F0-90A0-6E6CF2876B5F}.Release|Any CPU.Build.0 = Release|Any CPU
	EndGlobalSection
EndGlobal
